
Microsoft Visual Studio Solution File, Format Version 12.00
# Visual Studio Version 16
VisualStudioVersion = 16.0.31112.23
MinimumVisualStudioVersion = 10.0.40219.1
Project("{9A19103F-16F7-4668-BE54-9A1E7A4F7556}") = "ReversiMvcApp", "ReversiMvcApp\ReversiMvcApp.csproj", "{616A5BB8-3119-4FD9-BE8B-DFA001D17CC5}"
EndProject
Project("{9A19103F-16F7-4668-BE54-9A1E7A4F7556}") = "Reversi_BackEnd", "..\Reversi_BackEnd\Reversi_BackEnd\Reversi_BackEnd.csproj", "{B74D470B-831E-4D52-B149-96CB17BB6BFF}"
EndProject
Project("{9A19103F-16F7-4668-BE54-9A1E7A4F7556}") = "Reversi_CL", "Reversi_CL\Reversi_CL.csproj", "{DFC1B91D-4B81-4B2E-AD07-6BC869625CF0}"
EndProject
Global
	GlobalSection(SolutionConfigurationPlatforms) = preSolution
		Beide Projecten Debug|Any CPU = Beide Projecten Debug|Any CPU
		Debug|Any CPU = Debug|Any CPU
		Release|Any CPU = Release|Any CPU
	EndGlobalSection
	GlobalSection(ProjectConfigurationPlatforms) = postSolution
		{616A5BB8-3119-4FD9-BE8B-DFA001D17CC5}.Beide Projecten Debug|Any CPU.ActiveCfg = Beide Projecten Debug|Any CPU
		{616A5BB8-3119-4FD9-BE8B-DFA001D17CC5}.Beide Projecten Debug|Any CPU.Build.0 = Beide Projecten Debug|Any CPU
		{616A5BB8-3119-4FD9-BE8B-DFA001D17CC5}.Debug|Any CPU.ActiveCfg = Debug|Any CPU
		{616A5BB8-3119-4FD9-BE8B-DFA001D17CC5}.Debug|Any CPU.Build.0 = Debug|Any CPU
		{616A5BB8-3119-4FD9-BE8B-DFA001D17CC5}.Release|Any CPU.ActiveCfg = Release|Any CPU
		{616A5BB8-3119-4FD9-BE8B-DFA001D17CC5}.Release|Any CPU.Build.0 = Release|Any CPU
		{B74D470B-831E-4D52-B149-96CB17BB6BFF}.Beide Projecten Debug|Any CPU.ActiveCfg = Beide Projecten Debug|Any CPU
		{B74D470B-831E-4D52-B149-96CB17BB6BFF}.Beide Projecten Debug|Any CPU.Build.0 = Beide Projecten Debug|Any CPU
		{B74D470B-831E-4D52-B149-96CB17BB6BFF}.Debug|Any CPU.ActiveCfg = Debug|Any CPU
		{B74D470B-831E-4D52-B149-96CB17BB6BFF}.Debug|Any CPU.Build.0 = Debug|Any CPU
		{B74D470B-831E-4D52-B149-96CB17BB6BFF}.Release|Any CPU.ActiveCfg = Release|Any CPU
		{B74D470B-831E-4D52-B149-96CB17BB6BFF}.Release|Any CPU.Build.0 = Release|Any CPU
		{DFC1B91D-4B81-4B2E-AD07-6BC869625CF0}.Beide Projecten Debug|Any CPU.ActiveCfg = Beide Projecten Debug|Any CPU
		{DFC1B91D-4B81-4B2E-AD07-6BC869625CF0}.Beide Projecten Debug|Any CPU.Build.0 = Beide Projecten Debug|Any CPU
		{DFC1B91D-4B81-4B2E-AD07-6BC869625CF0}.Debug|Any CPU.ActiveCfg = Debug|Any CPU
		{DFC1B91D-4B81-4B2E-AD07-6BC869625CF0}.Debug|Any CPU.Build.0 = Debug|Any CPU
		{DFC1B91D-4B81-4B2E-AD07-6BC869625CF0}.Release|Any CPU.ActiveCfg = Release|Any CPU
		{DFC1B91D-4B81-4B2E-AD07-6BC869625CF0}.Release|Any CPU.Build.0 = Release|Any CPU
	EndGlobalSection
	GlobalSection(SolutionProperties) = preSolution
		HideSolutionNode = FALSE
	EndGlobalSection
	GlobalSection(ExtensibilityGlobals) = postSolution
		SolutionGuid = {E60A977D-5CC2-472B-A377-3DDD1185431F}
	EndGlobalSection
EndGlobal
